{
  "object": {
    "pins": [
      {
        "package": "swift-argument-parser",
        "repositoryURL": "https://github.com/apple/swift-argument-parser.git",
        "state": {
          "branch": null,
          "revision": "15351c1cd009eba0b6e438bfef55ea9847a8dc4a",
          "version": "0.3.0"
        }
      },
      {
        "package": "SwiftSyntax",
        "repositoryURL": "https://github.com/apple/swift-syntax",
        "state": {
          "branch": null,
          "revision": "0688b9cfc4c3dd234e4f55f1f056b2affc849873",
          "version": "0.50200.0"
        }
      }
    ]
  },
  "version": 1
}
